{
  "pins" : [
    {
      "identity" : "uxanalytics",
      "kind" : "remoteSourceControl",
      "location" : "https://github.com/aashutoshrestha/uxanalytics",
      "state" : {
        "branch" : "main",
        "revision" : "018b6e151bbed1bf2ba11574fb5be34a9db5bb11"
      }
    }
  ],
  "version" : 2
}
