{
  "pins" : [
    {
      "identity" : "uxanalytics",
      "kind" : "remoteSourceControl",
      "location" : "https://github.com/aashutoshrestha/uxanalytics",
      "state" : {
        "branch" : "main",
        "revision" : "2da38339486b26d784f481507714a25103ee5be6"
      }
    }
  ],
  "version" : 2
}
